
Microsoft Visual Studio Solution File, Format Version 12.00
# Visual Studio 14
VisualStudioVersion = 14.0.25420.1
MinimumVisualStudioVersion = 10.0.40219.1
Project("{FAE04EC0-301F-11D3-BF4B-00C04F79EFBC}") = "FindTheGimbal.Droid", "FindTheGimbal\FindTheGimbal.Droid\FindTheGimbal.Droid.csproj", "{9B1E36F8-16AE-4EFC-B683-603EF88D402D}"
EndProject
Project("{FAE04EC0-301F-11D3-BF4B-00C04F79EFBC}") = "FindTheGimbal.iOS", "FindTheGimbal\FindTheGimbal.iOS\FindTheGimbal.iOS.csproj", "{9AFC36FF-B6EB-4436-B37D-9C466FBAC89D}"
EndProject
Project("{FAE04EC0-301F-11D3-BF4B-00C04F79EFBC}") = "FindTheGimbal.WinPhone", "FindTheGimbal\FindTheGimbal.WinPhone\FindTheGimbal.WinPhone.csproj", "{9CC23AD0-FE60-4F0B-95BF-824D65B185E0}"
EndProject
Project("{FAE04EC0-301F-11D3-BF4B-00C04F79EFBC}") = "FindTheGimbal.Windows", "FindTheGimbal\FindTheGimbal.Windows\FindTheGimbal.Windows.csproj", "{6674A1C1-D0E2-4E8A-9FE0-0984E24C0AC5}"
EndProject
Project("{FAE04EC0-301F-11D3-BF4B-00C04F79EFBC}") = "FindTheGimbal", "FindTheGimbal\FindTheGimbal\FindTheGimbal.csproj", "{FBDF9342-B838-44B3-B44A-1603C2DBF0C7}"
EndProject
Global
	GlobalSection(SolutionConfigurationPlatforms) = preSolution
		Ad-Hoc|Any CPU = Ad-Hoc|Any CPU
		Ad-Hoc|ARM = Ad-Hoc|ARM
		Ad-Hoc|iPhone = Ad-Hoc|iPhone
		Ad-Hoc|iPhoneSimulator = Ad-Hoc|iPhoneSimulator
		Ad-Hoc|x64 = Ad-Hoc|x64
		Ad-Hoc|x86 = Ad-Hoc|x86
		AppStore|Any CPU = AppStore|Any CPU
		AppStore|ARM = AppStore|ARM
		AppStore|iPhone = AppStore|iPhone
		AppStore|iPhoneSimulator = AppStore|iPhoneSimulator
		AppStore|x64 = AppStore|x64
		AppStore|x86 = AppStore|x86
		Debug|Any CPU = Debug|Any CPU
		Debug|ARM = Debug|ARM
		Debug|iPhone = Debug|iPhone
		Debug|iPhoneSimulator = Debug|iPhoneSimulator
		Debug|x64 = Debug|x64
		Debug|x86 = Debug|x86
		Release|Any CPU = Release|Any CPU
		Release|ARM = Release|ARM
		Release|iPhone = Release|iPhone
		Release|iPhoneSimulator = Release|iPhoneSimulator
		Release|x64 = Release|x64
		Release|x86 = Release|x86
	EndGlobalSection
	GlobalSection(ProjectConfigurationPlatforms) = postSolution
		{9B1E36F8-16AE-4EFC-B683-603EF88D402D}.Ad-Hoc|Any CPU.ActiveCfg = Release|Any CPU
		{9B1E36F8-16AE-4EFC-B683-603EF88D402D}.Ad-Hoc|Any CPU.Build.0 = Release|Any CPU
		{9B1E36F8-16AE-4EFC-B683-603EF88D402D}.Ad-Hoc|Any CPU.Deploy.0 = Release|Any CPU
		{9B1E36F8-16AE-4EFC-B683-603EF88D402D}.Ad-Hoc|ARM.ActiveCfg = Release|Any CPU
		{9B1E36F8-16AE-4EFC-B683-603EF88D402D}.Ad-Hoc|ARM.Build.0 = Release|Any CPU
		{9B1E36F8-16AE-4EFC-B683-603EF88D402D}.Ad-Hoc|ARM.Deploy.0 = Release|Any CPU
		{9B1E36F8-16AE-4EFC-B683-603EF88D402D}.Ad-Hoc|iPhone.ActiveCfg = Release|Any CPU
		{9B1E36F8-16AE-4EFC-B683-603EF88D402D}.Ad-Hoc|iPhone.Build.0 = Release|Any CPU
		{9B1E36F8-16AE-4EFC-B683-603EF88D402D}.Ad-Hoc|iPhone.Deploy.0 = Release|Any CPU
		{9B1E36F8-16AE-4EFC-B683-603EF88D402D}.Ad-Hoc|iPhoneSimulator.ActiveCfg = Release|Any CPU
		{9B1E36F8-16AE-4EFC-B683-603EF88D402D}.Ad-Hoc|iPhoneSimulator.Build.0 = Release|Any CPU
		{9B1E36F8-16AE-4EFC-B683-603EF88D402D}.Ad-Hoc|iPhoneSimulator.Deploy.0 = Release|Any CPU
		{9B1E36F8-16AE-4EFC-B683-603EF88D402D}.Ad-Hoc|x64.ActiveCfg = Release|Any CPU
		{9B1E36F8-16AE-4EFC-B683-603EF88D402D}.Ad-Hoc|x64.Build.0 = Release|Any CPU
		{9B1E36F8-16AE-4EFC-B683-603EF88D402D}.Ad-Hoc|x64.Deploy.0 = Release|Any CPU
		{9B1E36F8-16AE-4EFC-B683-603EF88D402D}.Ad-Hoc|x86.ActiveCfg = Release|Any CPU
		{9B1E36F8-16AE-4EFC-B683-603EF88D402D}.Ad-Hoc|x86.Build.0 = Release|Any CPU
		{9B1E36F8-16AE-4EFC-B683-603EF88D402D}.Ad-Hoc|x86.Deploy.0 = Release|Any CPU
		{9B1E36F8-16AE-4EFC-B683-603EF88D402D}.AppStore|Any CPU.ActiveCfg = Release|Any CPU
		{9B1E36F8-16AE-4EFC-B683-603EF88D402D}.AppStore|Any CPU.Build.0 = Release|Any CPU
		{9B1E36F8-16AE-4EFC-B683-603EF88D402D}.AppStore|Any CPU.Deploy.0 = Release|Any CPU
		{9B1E36F8-16AE-4EFC-B683-603EF88D402D}.AppStore|ARM.ActiveCfg = Release|Any CPU
		{9B1E36F8-16AE-4EFC-B683-603EF88D402D}.AppStore|ARM.Build.0 = Release|Any CPU
		{9B1E36F8-16AE-4EFC-B683-603EF88D402D}.AppStore|ARM.Deploy.0 = Release|Any CPU
		{9B1E36F8-16AE-4EFC-B683-603EF88D402D}.AppStore|iPhone.ActiveCfg = Release|Any CPU
		{9B1E36F8-16AE-4EFC-B683-603EF88D402D}.AppStore|iPhone.Build.0 = Release|Any CPU
		{9B1E36F8-16AE-4EFC-B683-603EF88D402D}.AppStore|iPhone.Deploy.0 = Release|Any CPU
		{9B1E36F8-16AE-4EFC-B683-603EF88D402D}.AppStore|iPhoneSimulator.ActiveCfg = Release|Any CPU
		{9B1E36F8-16AE-4EFC-B683-603EF88D402D}.AppStore|iPhoneSimulator.Build.0 = Release|Any CPU
		{9B1E36F8-16AE-4EFC-B683-603EF88D402D}.AppStore|iPhoneSimulator.Deploy.0 = Release|Any CPU
		{9B1E36F8-16AE-4EFC-B683-603EF88D402D}.AppStore|x64.ActiveCfg = Release|Any CPU
		{9B1E36F8-16AE-4EFC-B683-603EF88D402D}.AppStore|x64.Build.0 = Release|Any CPU
		{9B1E36F8-16AE-4EFC-B683-603EF88D402D}.AppStore|x64.Deploy.0 = Release|Any CPU
		{9B1E36F8-16AE-4EFC-B683-603EF88D402D}.AppStore|x86.ActiveCfg = Release|Any CPU
		{9B1E36F8-16AE-4EFC-B683-603EF88D402D}.AppStore|x86.Build.0 = Release|Any CPU
		{9B1E36F8-16AE-4EFC-B683-603EF88D402D}.AppStore|x86.Deploy.0 = Release|Any CPU
		{9B1E36F8-16AE-4EFC-B683-603EF88D402D}.Debug|Any CPU.ActiveCfg = Debug|Any CPU
		{9B1E36F8-16AE-4EFC-B683-603EF88D402D}.Debug|Any CPU.Build.0 = Debug|Any CPU
		{9B1E36F8-16AE-4EFC-B683-603EF88D402D}.Debug|Any CPU.Deploy.0 = Debug|Any CPU
		{9B1E36F8-16AE-4EFC-B683-603EF88D402D}.Debug|ARM.ActiveCfg = Debug|Any CPU
		{9B1E36F8-16AE-4EFC-B683-603EF88D402D}.Debug|ARM.Build.0 = Debug|Any CPU
		{9B1E36F8-16AE-4EFC-B683-603EF88D402D}.Debug|ARM.Deploy.0 = Debug|Any CPU
		{9B1E36F8-16AE-4EFC-B683-603EF88D402D}.Debug|iPhone.ActiveCfg = Debug|Any CPU
		{9B1E36F8-16AE-4EFC-B683-603EF88D402D}.Debug|iPhone.Build.0 = Debug|Any CPU
		{9B1E36F8-16AE-4EFC-B683-603EF88D402D}.Debug|iPhone.Deploy.0 = Debug|Any CPU
		{9B1E36F8-16AE-4EFC-B683-603EF88D402D}.Debug|iPhoneSimulator.ActiveCfg = Debug|Any CPU
		{9B1E36F8-16AE-4EFC-B683-603EF88D402D}.Debug|iPhoneSimulator.Build.0 = Debug|Any CPU
		{9B1E36F8-16AE-4EFC-B683-603EF88D402D}.Debug|iPhoneSimulator.Deploy.0 = Debug|Any CPU
		{9B1E36F8-16AE-4EFC-B683-603EF88D402D}.Debug|x64.ActiveCfg = Debug|Any CPU
		{9B1E36F8-16AE-4EFC-B683-603EF88D402D}.Debug|x64.Build.0 = Debug|Any CPU
		{9B1E36F8-16AE-4EFC-B683-603EF88D402D}.Debug|x64.Deploy.0 = Debug|Any CPU
		{9B1E36F8-16AE-4EFC-B683-603EF88D402D}.Debug|x86.ActiveCfg = Debug|Any CPU
		{9B1E36F8-16AE-4EFC-B683-603EF88D402D}.Debug|x86.Build.0 = Debug|Any CPU
		{9B1E36F8-16AE-4EFC-B683-603EF88D402D}.Debug|x86.Deploy.0 = Debug|Any CPU
		{9B1E36F8-16AE-4EFC-B683-603EF88D402D}.Release|Any CPU.ActiveCfg = Release|Any CPU
		{9B1E36F8-16AE-4EFC-B683-603EF88D402D}.Release|Any CPU.Build.0 = Release|Any CPU
		{9B1E36F8-16AE-4EFC-B683-603EF88D402D}.Release|Any CPU.Deploy.0 = Release|Any CPU
		{9B1E36F8-16AE-4EFC-B683-603EF88D402D}.Release|ARM.ActiveCfg = Release|Any CPU
		{9B1E36F8-16AE-4EFC-B683-603EF88D402D}.Release|ARM.Build.0 = Release|Any CPU
		{9B1E36F8-16AE-4EFC-B683-603EF88D402D}.Release|ARM.Deploy.0 = Release|Any CPU
		{9B1E36F8-16AE-4EFC-B683-603EF88D402D}.Release|iPhone.ActiveCfg = Release|Any CPU
		{9B1E36F8-16AE-4EFC-B683-603EF88D402D}.Release|iPhone.Build.0 = Release|Any CPU
		{9B1E36F8-16AE-4EFC-B683-603EF88D402D}.Release|iPhone.Deploy.0 = Release|Any CPU
		{9B1E36F8-16AE-4EFC-B683-603EF88D402D}.Release|iPhoneSimulator.ActiveCfg = Release|Any CPU
		{9B1E36F8-16AE-4EFC-B683-603EF88D402D}.Release|iPhoneSimulator.Build.0 = Release|Any CPU
		{9B1E36F8-16AE-4EFC-B683-603EF88D402D}.Release|iPhoneSimulator.Deploy.0 = Release|Any CPU
		{9B1E36F8-16AE-4EFC-B683-603EF88D402D}.Release|x64.ActiveCfg = Release|Any CPU
		{9B1E36F8-16AE-4EFC-B683-603EF88D402D}.Release|x64.Build.0 = Release|Any CPU
		{9B1E36F8-16AE-4EFC-B683-603EF88D402D}.Release|x64.Deploy.0 = Release|Any CPU
		{9B1E36F8-16AE-4EFC-B683-603EF88D402D}.Release|x86.ActiveCfg = Release|Any CPU
		{9B1E36F8-16AE-4EFC-B683-603EF88D402D}.Release|x86.Build.0 = Release|Any CPU
		{9B1E36F8-16AE-4EFC-B683-603EF88D402D}.Release|x86.Deploy.0 = Release|Any CPU
		{9AFC36FF-B6EB-4436-B37D-9C466FBAC89D}.Ad-Hoc|Any CPU.ActiveCfg = Ad-Hoc|iPhone
		{9AFC36FF-B6EB-4436-B37D-9C466FBAC89D}.Ad-Hoc|ARM.ActiveCfg = Ad-Hoc|iPhone
		{9AFC36FF-B6EB-4436-B37D-9C466FBAC89D}.Ad-Hoc|iPhone.ActiveCfg = Ad-Hoc|iPhone
		{9AFC36FF-B6EB-4436-B37D-9C466FBAC89D}.Ad-Hoc|iPhone.Build.0 = Ad-Hoc|iPhone
		{9AFC36FF-B6EB-4436-B37D-9C466FBAC89D}.Ad-Hoc|iPhoneSimulator.ActiveCfg = Ad-Hoc|iPhoneSimulator
		{9AFC36FF-B6EB-4436-B37D-9C466FBAC89D}.Ad-Hoc|iPhoneSimulator.Build.0 = Ad-Hoc|iPhoneSimulator
		{9AFC36FF-B6EB-4436-B37D-9C466FBAC89D}.Ad-Hoc|x64.ActiveCfg = Ad-Hoc|iPhone
		{9AFC36FF-B6EB-4436-B37D-9C466FBAC89D}.Ad-Hoc|x86.ActiveCfg = Ad-Hoc|iPhone
		{9AFC36FF-B6EB-4436-B37D-9C466FBAC89D}.AppStore|Any CPU.ActiveCfg = AppStore|iPhone
		{9AFC36FF-B6EB-4436-B37D-9C466FBAC89D}.AppStore|ARM.ActiveCfg = AppStore|iPhone
		{9AFC36FF-B6EB-4436-B37D-9C466FBAC89D}.AppStore|iPhone.ActiveCfg = AppStore|iPhone
		{9AFC36FF-B6EB-4436-B37D-9C466FBAC89D}.AppStore|iPhone.Build.0 = AppStore|iPhone
		{9AFC36FF-B6EB-4436-B37D-9C466FBAC89D}.AppStore|iPhoneSimulator.ActiveCfg = AppStore|iPhoneSimulator
		{9AFC36FF-B6EB-4436-B37D-9C466FBAC89D}.AppStore|iPhoneSimulator.Build.0 = AppStore|iPhoneSimulator
		{9AFC36FF-B6EB-4436-B37D-9C466FBAC89D}.AppStore|x64.ActiveCfg = AppStore|iPhone
		{9AFC36FF-B6EB-4436-B37D-9C466FBAC89D}.AppStore|x86.ActiveCfg = AppStore|iPhone
		{9AFC36FF-B6EB-4436-B37D-9C466FBAC89D}.Debug|Any CPU.ActiveCfg = Debug|iPhone
		{9AFC36FF-B6EB-4436-B37D-9C466FBAC89D}.Debug|ARM.ActiveCfg = Debug|iPhone
		{9AFC36FF-B6EB-4436-B37D-9C466FBAC89D}.Debug|iPhone.ActiveCfg = Debug|iPhone
		{9AFC36FF-B6EB-4436-B37D-9C466FBAC89D}.Debug|iPhone.Build.0 = Debug|iPhone
		{9AFC36FF-B6EB-4436-B37D-9C466FBAC89D}.Debug|iPhoneSimulator.ActiveCfg = Debug|iPhoneSimulator
		{9AFC36FF-B6EB-4436-B37D-9C466FBAC89D}.Debug|iPhoneSimulator.Build.0 = Debug|iPhoneSimulator
		{9AFC36FF-B6EB-4436-B37D-9C466FBAC89D}.Debug|x64.ActiveCfg = Debug|iPhone
		{9AFC36FF-B6EB-4436-B37D-9C466FBAC89D}.Debug|x86.ActiveCfg = Debug|iPhone
		{9AFC36FF-B6EB-4436-B37D-9C466FBAC89D}.Release|Any CPU.ActiveCfg = Release|iPhone
		{9AFC36FF-B6EB-4436-B37D-9C466FBAC89D}.Release|ARM.ActiveCfg = Release|iPhone
		{9AFC36FF-B6EB-4436-B37D-9C466FBAC89D}.Release|iPhone.ActiveCfg = Release|iPhone
		{9AFC36FF-B6EB-4436-B37D-9C466FBAC89D}.Release|iPhone.Build.0 = Release|iPhone
		{9AFC36FF-B6EB-4436-B37D-9C466FBAC89D}.Release|iPhoneSimulator.ActiveCfg = Release|iPhoneSimulator
		{9AFC36FF-B6EB-4436-B37D-9C466FBAC89D}.Release|iPhoneSimulator.Build.0 = Release|iPhoneSimulator
		{9AFC36FF-B6EB-4436-B37D-9C466FBAC89D}.Release|x64.ActiveCfg = Release|iPhone
		{9AFC36FF-B6EB-4436-B37D-9C466FBAC89D}.Release|x86.ActiveCfg = Release|iPhone
		{9CC23AD0-FE60-4F0B-95BF-824D65B185E0}.Ad-Hoc|Any CPU.ActiveCfg = Release|Any CPU
		{9CC23AD0-FE60-4F0B-95BF-824D65B185E0}.Ad-Hoc|Any CPU.Build.0 = Release|Any CPU
		{9CC23AD0-FE60-4F0B-95BF-824D65B185E0}.Ad-Hoc|Any CPU.Deploy.0 = Release|Any CPU
		{9CC23AD0-FE60-4F0B-95BF-824D65B185E0}.Ad-Hoc|ARM.ActiveCfg = Release|ARM
		{9CC23AD0-FE60-4F0B-95BF-824D65B185E0}.Ad-Hoc|ARM.Build.0 = Release|ARM
		{9CC23AD0-FE60-4F0B-95BF-824D65B185E0}.Ad-Hoc|ARM.Deploy.0 = Release|ARM
		{9CC23AD0-FE60-4F0B-95BF-824D65B185E0}.Ad-Hoc|iPhone.ActiveCfg = Release|Any CPU
		{9CC23AD0-FE60-4F0B-95BF-824D65B185E0}.Ad-Hoc|iPhone.Build.0 = Release|Any CPU
		{9CC23AD0-FE60-4F0B-95BF-824D65B185E0}.Ad-Hoc|iPhone.Deploy.0 = Release|Any CPU
		{9CC23AD0-FE60-4F0B-95BF-824D65B185E0}.Ad-Hoc|iPhoneSimulator.ActiveCfg = Release|Any CPU
		{9CC23AD0-FE60-4F0B-95BF-824D65B185E0}.Ad-Hoc|iPhoneSimulator.Build.0 = Release|Any CPU
		{9CC23AD0-FE60-4F0B-95BF-824D65B185E0}.Ad-Hoc|iPhoneSimulator.Deploy.0 = Release|Any CPU
		{9CC23AD0-FE60-4F0B-95BF-824D65B185E0}.Ad-Hoc|x64.ActiveCfg = Release|Any CPU
		{9CC23AD0-FE60-4F0B-95BF-824D65B185E0}.Ad-Hoc|x64.Build.0 = Release|Any CPU
		{9CC23AD0-FE60-4F0B-95BF-824D65B185E0}.Ad-Hoc|x64.Deploy.0 = Release|Any CPU
		{9CC23AD0-FE60-4F0B-95BF-824D65B185E0}.Ad-Hoc|x86.ActiveCfg = Release|x86
		{9CC23AD0-FE60-4F0B-95BF-824D65B185E0}.Ad-Hoc|x86.Build.0 = Release|x86
		{9CC23AD0-FE60-4F0B-95BF-824D65B185E0}.Ad-Hoc|x86.Deploy.0 = Release|x86
		{9CC23AD0-FE60-4F0B-95BF-824D65B185E0}.AppStore|Any CPU.ActiveCfg = Release|Any CPU
		{9CC23AD0-FE60-4F0B-95BF-824D65B185E0}.AppStore|Any CPU.Build.0 = Release|Any CPU
		{9CC23AD0-FE60-4F0B-95BF-824D65B185E0}.AppStore|Any CPU.Deploy.0 = Release|Any CPU
		{9CC23AD0-FE60-4F0B-95BF-824D65B185E0}.AppStore|ARM.ActiveCfg = Release|ARM
		{9CC23AD0-FE60-4F0B-95BF-824D65B185E0}.AppStore|ARM.Build.0 = Release|ARM
		{9CC23AD0-FE60-4F0B-95BF-824D65B185E0}.AppStore|ARM.Deploy.0 = Release|ARM
		{9CC23AD0-FE60-4F0B-95BF-824D65B185E0}.AppStore|iPhone.ActiveCfg = Release|Any CPU
		{9CC23AD0-FE60-4F0B-95BF-824D65B185E0}.AppStore|iPhone.Build.0 = Release|Any CPU
		{9CC23AD0-FE60-4F0B-95BF-824D65B185E0}.AppStore|iPhone.Deploy.0 = Release|Any CPU
		{9CC23AD0-FE60-4F0B-95BF-824D65B185E0}.AppStore|iPhoneSimulator.ActiveCfg = Release|Any CPU
		{9CC23AD0-FE60-4F0B-95BF-824D65B185E0}.AppStore|iPhoneSimulator.Build.0 = Release|Any CPU
		{9CC23AD0-FE60-4F0B-95BF-824D65B185E0}.AppStore|iPhoneSimulator.Deploy.0 = Release|Any CPU
		{9CC23AD0-FE60-4F0B-95BF-824D65B185E0}.AppStore|x64.ActiveCfg = Release|Any CPU
		{9CC23AD0-FE60-4F0B-95BF-824D65B185E0}.AppStore|x64.Build.0 = Release|Any CPU
		{9CC23AD0-FE60-4F0B-95BF-824D65B185E0}.AppStore|x64.Deploy.0 = Release|Any CPU
		{9CC23AD0-FE60-4F0B-95BF-824D65B185E0}.AppStore|x86.ActiveCfg = Release|x86
		{9CC23AD0-FE60-4F0B-95BF-824D65B185E0}.AppStore|x86.Build.0 = Release|x86
		{9CC23AD0-FE60-4F0B-95BF-824D65B185E0}.AppStore|x86.Deploy.0 = Release|x86
		{9CC23AD0-FE60-4F0B-95BF-824D65B185E0}.Debug|Any CPU.ActiveCfg = Debug|Any CPU
		{9CC23AD0-FE60-4F0B-95BF-824D65B185E0}.Debug|Any CPU.Build.0 = Debug|Any CPU
		{9CC23AD0-FE60-4F0B-95BF-824D65B185E0}.Debug|Any CPU.Deploy.0 = Debug|Any CPU
		{9CC23AD0-FE60-4F0B-95BF-824D65B185E0}.Debug|ARM.ActiveCfg = Debug|ARM
		{9CC23AD0-FE60-4F0B-95BF-824D65B185E0}.Debug|ARM.Build.0 = Debug|ARM
		{9CC23AD0-FE60-4F0B-95BF-824D65B185E0}.Debug|ARM.Deploy.0 = Debug|ARM
		{9CC23AD0-FE60-4F0B-95BF-824D65B185E0}.Debug|iPhone.ActiveCfg = Debug|Any CPU
		{9CC23AD0-FE60-4F0B-95BF-824D65B185E0}.Debug|iPhone.Build.0 = Debug|Any CPU
		{9CC23AD0-FE60-4F0B-95BF-824D65B185E0}.Debug|iPhone.Deploy.0 = Debug|Any CPU
		{9CC23AD0-FE60-4F0B-95BF-824D65B185E0}.Debug|iPhoneSimulator.ActiveCfg = Debug|Any CPU
		{9CC23AD0-FE60-4F0B-95BF-824D65B185E0}.Debug|iPhoneSimulator.Build.0 = Debug|Any CPU
		{9CC23AD0-FE60-4F0B-95BF-824D65B185E0}.Debug|iPhoneSimulator.Deploy.0 = Debug|Any CPU
		{9CC23AD0-FE60-4F0B-95BF-824D65B185E0}.Debug|x64.ActiveCfg = Debug|Any CPU
		{9CC23AD0-FE60-4F0B-95BF-824D65B185E0}.Debug|x64.Build.0 = Debug|Any CPU
		{9CC23AD0-FE60-4F0B-95BF-824D65B185E0}.Debug|x64.Deploy.0 = Debug|Any CPU
		{9CC23AD0-FE60-4F0B-95BF-824D65B185E0}.Debug|x86.ActiveCfg = Debug|x86
		{9CC23AD0-FE60-4F0B-95BF-824D65B185E0}.Debug|x86.Build.0 = Debug|x86
		{9CC23AD0-FE60-4F0B-95BF-824D65B185E0}.Debug|x86.Deploy.0 = Debug|x86
		{9CC23AD0-FE60-4F0B-95BF-824D65B185E0}.Release|Any CPU.ActiveCfg = Release|Any CPU
		{9CC23AD0-FE60-4F0B-95BF-824D65B185E0}.Release|Any CPU.Build.0 = Release|Any CPU
		{9CC23AD0-FE60-4F0B-95BF-824D65B185E0}.Release|Any CPU.Deploy.0 = Release|Any CPU
		{9CC23AD0-FE60-4F0B-95BF-824D65B185E0}.Release|ARM.ActiveCfg = Release|ARM
		{9CC23AD0-FE60-4F0B-95BF-824D65B185E0}.Release|ARM.Build.0 = Release|ARM
		{9CC23AD0-FE60-4F0B-95BF-824D65B185E0}.Release|ARM.Deploy.0 = Release|ARM
		{9CC23AD0-FE60-4F0B-95BF-824D65B185E0}.Release|iPhone.ActiveCfg = Release|Any CPU
		{9CC23AD0-FE60-4F0B-95BF-824D65B185E0}.Release|iPhone.Build.0 = Release|Any CPU
		{9CC23AD0-FE60-4F0B-95BF-824D65B185E0}.Release|iPhone.Deploy.0 = Release|Any CPU
		{9CC23AD0-FE60-4F0B-95BF-824D65B185E0}.Release|iPhoneSimulator.ActiveCfg = Release|Any CPU
		{9CC23AD0-FE60-4F0B-95BF-824D65B185E0}.Release|iPhoneSimulator.Build.0 = Release|Any CPU
		{9CC23AD0-FE60-4F0B-95BF-824D65B185E0}.Release|iPhoneSimulator.Deploy.0 = Release|Any CPU
		{9CC23AD0-FE60-4F0B-95BF-824D65B185E0}.Release|x64.ActiveCfg = Release|Any CPU
		{9CC23AD0-FE60-4F0B-95BF-824D65B185E0}.Release|x64.Build.0 = Release|Any CPU
		{9CC23AD0-FE60-4F0B-95BF-824D65B185E0}.Release|x64.Deploy.0 = Release|Any CPU
		{9CC23AD0-FE60-4F0B-95BF-824D65B185E0}.Release|x86.ActiveCfg = Release|x86
		{9CC23AD0-FE60-4F0B-95BF-824D65B185E0}.Release|x86.Build.0 = Release|x86
		{9CC23AD0-FE60-4F0B-95BF-824D65B185E0}.Release|x86.Deploy.0 = Release|x86
		{6674A1C1-D0E2-4E8A-9FE0-0984E24C0AC5}.Ad-Hoc|Any CPU.ActiveCfg = Release|Any CPU
		{6674A1C1-D0E2-4E8A-9FE0-0984E24C0AC5}.Ad-Hoc|Any CPU.Build.0 = Release|Any CPU
		{6674A1C1-D0E2-4E8A-9FE0-0984E24C0AC5}.Ad-Hoc|Any CPU.Deploy.0 = Release|Any CPU
		{6674A1C1-D0E2-4E8A-9FE0-0984E24C0AC5}.Ad-Hoc|ARM.ActiveCfg = Release|ARM
		{6674A1C1-D0E2-4E8A-9FE0-0984E24C0AC5}.Ad-Hoc|ARM.Build.0 = Release|ARM
		{6674A1C1-D0E2-4E8A-9FE0-0984E24C0AC5}.Ad-Hoc|ARM.Deploy.0 = Release|ARM
		{6674A1C1-D0E2-4E8A-9FE0-0984E24C0AC5}.Ad-Hoc|iPhone.ActiveCfg = Release|Any CPU
		{6674A1C1-D0E2-4E8A-9FE0-0984E24C0AC5}.Ad-Hoc|iPhone.Build.0 = Release|Any CPU
		{6674A1C1-D0E2-4E8A-9FE0-0984E24C0AC5}.Ad-Hoc|iPhone.Deploy.0 = Release|Any CPU
		{6674A1C1-D0E2-4E8A-9FE0-0984E24C0AC5}.Ad-Hoc|iPhoneSimulator.ActiveCfg = Release|Any CPU
		{6674A1C1-D0E2-4E8A-9FE0-0984E24C0AC5}.Ad-Hoc|iPhoneSimulator.Build.0 = Release|Any CPU
		{6674A1C1-D0E2-4E8A-9FE0-0984E24C0AC5}.Ad-Hoc|iPhoneSimulator.Deploy.0 = Release|Any CPU
		{6674A1C1-D0E2-4E8A-9FE0-0984E24C0AC5}.Ad-Hoc|x64.ActiveCfg = Release|x64
		{6674A1C1-D0E2-4E8A-9FE0-0984E24C0AC5}.Ad-Hoc|x64.Build.0 = Release|x64
		{6674A1C1-D0E2-4E8A-9FE0-0984E24C0AC5}.Ad-Hoc|x64.Deploy.0 = Release|x64
		{6674A1C1-D0E2-4E8A-9FE0-0984E24C0AC5}.Ad-Hoc|x86.ActiveCfg = Release|x86
		{6674A1C1-D0E2-4E8A-9FE0-0984E24C0AC5}.Ad-Hoc|x86.Build.0 = Release|x86
		{6674A1C1-D0E2-4E8A-9FE0-0984E24C0AC5}.Ad-Hoc|x86.Deploy.0 = Release|x86
		{6674A1C1-D0E2-4E8A-9FE0-0984E24C0AC5}.AppStore|Any CPU.ActiveCfg = Release|Any CPU
		{6674A1C1-D0E2-4E8A-9FE0-0984E24C0AC5}.AppStore|Any CPU.Build.0 = Release|Any CPU
		{6674A1C1-D0E2-4E8A-9FE0-0984E24C0AC5}.AppStore|Any CPU.Deploy.0 = Release|Any CPU
		{6674A1C1-D0E2-4E8A-9FE0-0984E24C0AC5}.AppStore|ARM.ActiveCfg = Release|ARM
		{6674A1C1-D0E2-4E8A-9FE0-0984E24C0AC5}.AppStore|ARM.Build.0 = Release|ARM
		{6674A1C1-D0E2-4E8A-9FE0-0984E24C0AC5}.AppStore|ARM.Deploy.0 = Release|ARM
		{6674A1C1-D0E2-4E8A-9FE0-0984E24C0AC5}.AppStore|iPhone.ActiveCfg = Release|Any CPU
		{6674A1C1-D0E2-4E8A-9FE0-0984E24C0AC5}.AppStore|iPhone.Build.0 = Release|Any CPU
		{6674A1C1-D0E2-4E8A-9FE0-0984E24C0AC5}.AppStore|iPhone.Deploy.0 = Release|Any CPU
		{6674A1C1-D0E2-4E8A-9FE0-0984E24C0AC5}.AppStore|iPhoneSimulator.ActiveCfg = Release|Any CPU
		{6674A1C1-D0E2-4E8A-9FE0-0984E24C0AC5}.AppStore|iPhoneSimulator.Build.0 = Release|Any CPU
		{6674A1C1-D0E2-4E8A-9FE0-0984E24C0AC5}.AppStore|iPhoneSimulator.Deploy.0 = Release|Any CPU
		{6674A1C1-D0E2-4E8A-9FE0-0984E24C0AC5}.AppStore|x64.ActiveCfg = Release|x64
		{6674A1C1-D0E2-4E8A-9FE0-0984E24C0AC5}.AppStore|x64.Build.0 = Release|x64
		{6674A1C1-D0E2-4E8A-9FE0-0984E24C0AC5}.AppStore|x64.Deploy.0 = Release|x64
		{6674A1C1-D0E2-4E8A-9FE0-0984E24C0AC5}.AppStore|x86.ActiveCfg = Release|x86
		{6674A1C1-D0E2-4E8A-9FE0-0984E24C0AC5}.AppStore|x86.Build.0 = Release|x86
		{6674A1C1-D0E2-4E8A-9FE0-0984E24C0AC5}.AppStore|x86.Deploy.0 = Release|x86
		{6674A1C1-D0E2-4E8A-9FE0-0984E24C0AC5}.Debug|Any CPU.ActiveCfg = Debug|Any CPU
		{6674A1C1-D0E2-4E8A-9FE0-0984E24C0AC5}.Debug|Any CPU.Build.0 = Debug|Any CPU
		{6674A1C1-D0E2-4E8A-9FE0-0984E24C0AC5}.Debug|Any CPU.Deploy.0 = Debug|Any CPU
		{6674A1C1-D0E2-4E8A-9FE0-0984E24C0AC5}.Debug|ARM.ActiveCfg = Debug|ARM
		{6674A1C1-D0E2-4E8A-9FE0-0984E24C0AC5}.Debug|ARM.Build.0 = Debug|ARM
		{6674A1C1-D0E2-4E8A-9FE0-0984E24C0AC5}.Debug|ARM.Deploy.0 = Debug|ARM
		{6674A1C1-D0E2-4E8A-9FE0-0984E24C0AC5}.Debug|iPhone.ActiveCfg = Debug|Any CPU
		{6674A1C1-D0E2-4E8A-9FE0-0984E24C0AC5}.Debug|iPhone.Build.0 = Debug|Any CPU
		{6674A1C1-D0E2-4E8A-9FE0-0984E24C0AC5}.Debug|iPhone.Deploy.0 = Debug|Any CPU
		{6674A1C1-D0E2-4E8A-9FE0-0984E24C0AC5}.Debug|iPhoneSimulator.ActiveCfg = Debug|Any CPU
		{6674A1C1-D0E2-4E8A-9FE0-0984E24C0AC5}.Debug|iPhoneSimulator.Build.0 = Debug|Any CPU
		{6674A1C1-D0E2-4E8A-9FE0-0984E24C0AC5}.Debug|iPhoneSimulator.Deploy.0 = Debug|Any CPU
		{6674A1C1-D0E2-4E8A-9FE0-0984E24C0AC5}.Debug|x64.ActiveCfg = Debug|x64
		{6674A1C1-D0E2-4E8A-9FE0-0984E24C0AC5}.Debug|x64.Build.0 = Debug|x64
		{6674A1C1-D0E2-4E8A-9FE0-0984E24C0AC5}.Debug|x64.Deploy.0 = Debug|x64
		{6674A1C1-D0E2-4E8A-9FE0-0984E24C0AC5}.Debug|x86.ActiveCfg = Debug|x86
		{6674A1C1-D0E2-4E8A-9FE0-0984E24C0AC5}.Debug|x86.Build.0 = Debug|x86
		{6674A1C1-D0E2-4E8A-9FE0-0984E24C0AC5}.Debug|x86.Deploy.0 = Debug|x86
		{6674A1C1-D0E2-4E8A-9FE0-0984E24C0AC5}.Release|Any CPU.ActiveCfg = Release|Any CPU
		{6674A1C1-D0E2-4E8A-9FE0-0984E24C0AC5}.Release|Any CPU.Build.0 = Release|Any CPU
		{6674A1C1-D0E2-4E8A-9FE0-0984E24C0AC5}.Release|Any CPU.Deploy.0 = Release|Any CPU
		{6674A1C1-D0E2-4E8A-9FE0-0984E24C0AC5}.Release|ARM.ActiveCfg = Release|ARM
		{6674A1C1-D0E2-4E8A-9FE0-0984E24C0AC5}.Release|ARM.Build.0 = Release|ARM
		{6674A1C1-D0E2-4E8A-9FE0-0984E24C0AC5}.Release|ARM.Deploy.0 = Release|ARM
		{6674A1C1-D0E2-4E8A-9FE0-0984E24C0AC5}.Release|iPhone.ActiveCfg = Release|Any CPU
		{6674A1C1-D0E2-4E8A-9FE0-0984E24C0AC5}.Release|iPhone.Build.0 = Release|Any CPU
		{6674A1C1-D0E2-4E8A-9FE0-0984E24C0AC5}.Release|iPhone.Deploy.0 = Release|Any CPU
		{6674A1C1-D0E2-4E8A-9FE0-0984E24C0AC5}.Release|iPhoneSimulator.ActiveCfg = Release|Any CPU
		{6674A1C1-D0E2-4E8A-9FE0-0984E24C0AC5}.Release|iPhoneSimulator.Build.0 = Release|Any CPU
		{6674A1C1-D0E2-4E8A-9FE0-0984E24C0AC5}.Release|iPhoneSimulator.Deploy.0 = Release|Any CPU
		{6674A1C1-D0E2-4E8A-9FE0-0984E24C0AC5}.Release|x64.ActiveCfg = Release|x64
		{6674A1C1-D0E2-4E8A-9FE0-0984E24C0AC5}.Release|x64.Build.0 = Release|x64
		{6674A1C1-D0E2-4E8A-9FE0-0984E24C0AC5}.Release|x64.Deploy.0 = Release|x64
		{6674A1C1-D0E2-4E8A-9FE0-0984E24C0AC5}.Release|x86.ActiveCfg = Release|x86
		{6674A1C1-D0E2-4E8A-9FE0-0984E24C0AC5}.Release|x86.Build.0 = Release|x86
		{6674A1C1-D0E2-4E8A-9FE0-0984E24C0AC5}.Release|x86.Deploy.0 = Release|x86
		{FBDF9342-B838-44B3-B44A-1603C2DBF0C7}.Ad-Hoc|Any CPU.ActiveCfg = Release|Any CPU
		{FBDF9342-B838-44B3-B44A-1603C2DBF0C7}.Ad-Hoc|Any CPU.Build.0 = Release|Any CPU
		{FBDF9342-B838-44B3-B44A-1603C2DBF0C7}.Ad-Hoc|ARM.ActiveCfg = Release|Any CPU
		{FBDF9342-B838-44B3-B44A-1603C2DBF0C7}.Ad-Hoc|ARM.Build.0 = Release|Any CPU
		{FBDF9342-B838-44B3-B44A-1603C2DBF0C7}.Ad-Hoc|iPhone.ActiveCfg = Release|Any CPU
		{FBDF9342-B838-44B3-B44A-1603C2DBF0C7}.Ad-Hoc|iPhone.Build.0 = Release|Any CPU
		{FBDF9342-B838-44B3-B44A-1603C2DBF0C7}.Ad-Hoc|iPhoneSimulator.ActiveCfg = Release|Any CPU
		{FBDF9342-B838-44B3-B44A-1603C2DBF0C7}.Ad-Hoc|iPhoneSimulator.Build.0 = Release|Any CPU
		{FBDF9342-B838-44B3-B44A-1603C2DBF0C7}.Ad-Hoc|x64.ActiveCfg = Release|Any CPU
		{FBDF9342-B838-44B3-B44A-1603C2DBF0C7}.Ad-Hoc|x64.Build.0 = Release|Any CPU
		{FBDF9342-B838-44B3-B44A-1603C2DBF0C7}.Ad-Hoc|x86.ActiveCfg = Release|Any CPU
		{FBDF9342-B838-44B3-B44A-1603C2DBF0C7}.Ad-Hoc|x86.Build.0 = Release|Any CPU
		{FBDF9342-B838-44B3-B44A-1603C2DBF0C7}.AppStore|Any CPU.ActiveCfg = Release|Any CPU
		{FBDF9342-B838-44B3-B44A-1603C2DBF0C7}.AppStore|Any CPU.Build.0 = Release|Any CPU
		{FBDF9342-B838-44B3-B44A-1603C2DBF0C7}.AppStore|ARM.ActiveCfg = Release|Any CPU
		{FBDF9342-B838-44B3-B44A-1603C2DBF0C7}.AppStore|ARM.Build.0 = Release|Any CPU
		{FBDF9342-B838-44B3-B44A-1603C2DBF0C7}.AppStore|iPhone.ActiveCfg = Release|Any CPU
		{FBDF9342-B838-44B3-B44A-1603C2DBF0C7}.AppStore|iPhone.Build.0 = Release|Any CPU
		{FBDF9342-B838-44B3-B44A-1603C2DBF0C7}.AppStore|iPhoneSimulator.ActiveCfg = Release|Any CPU
		{FBDF9342-B838-44B3-B44A-1603C2DBF0C7}.AppStore|iPhoneSimulator.Build.0 = Release|Any CPU
		{FBDF9342-B838-44B3-B44A-1603C2DBF0C7}.AppStore|x64.ActiveCfg = Release|Any CPU
		{FBDF9342-B838-44B3-B44A-1603C2DBF0C7}.AppStore|x64.Build.0 = Release|Any CPU
		{FBDF9342-B838-44B3-B44A-1603C2DBF0C7}.AppStore|x86.ActiveCfg = Release|Any CPU
		{FBDF9342-B838-44B3-B44A-1603C2DBF0C7}.AppStore|x86.Build.0 = Release|Any CPU
		{FBDF9342-B838-44B3-B44A-1603C2DBF0C7}.Debug|Any CPU.ActiveCfg = Debug|Any CPU
		{FBDF9342-B838-44B3-B44A-1603C2DBF0C7}.Debug|Any CPU.Build.0 = Debug|Any CPU
		{FBDF9342-B838-44B3-B44A-1603C2DBF0C7}.Debug|ARM.ActiveCfg = Debug|Any CPU
		{FBDF9342-B838-44B3-B44A-1603C2DBF0C7}.Debug|ARM.Build.0 = Debug|Any CPU
		{FBDF9342-B838-44B3-B44A-1603C2DBF0C7}.Debug|iPhone.ActiveCfg = Debug|Any CPU
		{FBDF9342-B838-44B3-B44A-1603C2DBF0C7}.Debug|iPhone.Build.0 = Debug|Any CPU
		{FBDF9342-B838-44B3-B44A-1603C2DBF0C7}.Debug|iPhoneSimulator.ActiveCfg = Debug|Any CPU
		{FBDF9342-B838-44B3-B44A-1603C2DBF0C7}.Debug|iPhoneSimulator.Build.0 = Debug|Any CPU
		{FBDF9342-B838-44B3-B44A-1603C2DBF0C7}.Debug|x64.ActiveCfg = Debug|Any CPU
		{FBDF9342-B838-44B3-B44A-1603C2DBF0C7}.Debug|x64.Build.0 = Debug|Any CPU
		{FBDF9342-B838-44B3-B44A-1603C2DBF0C7}.Debug|x86.ActiveCfg = Debug|Any CPU
		{FBDF9342-B838-44B3-B44A-1603C2DBF0C7}.Debug|x86.Build.0 = Debug|Any CPU
		{FBDF9342-B838-44B3-B44A-1603C2DBF0C7}.Release|Any CPU.ActiveCfg = Release|Any CPU
		{FBDF9342-B838-44B3-B44A-1603C2DBF0C7}.Release|Any CPU.Build.0 = Release|Any CPU
		{FBDF9342-B838-44B3-B44A-1603C2DBF0C7}.Release|ARM.ActiveCfg = Release|Any CPU
		{FBDF9342-B838-44B3-B44A-1603C2DBF0C7}.Release|ARM.Build.0 = Release|Any CPU
		{FBDF9342-B838-44B3-B44A-1603C2DBF0C7}.Release|iPhone.ActiveCfg = Release|Any CPU
		{FBDF9342-B838-44B3-B44A-1603C2DBF0C7}.Release|iPhone.Build.0 = Release|Any CPU
		{FBDF9342-B838-44B3-B44A-1603C2DBF0C7}.Release|iPhoneSimulator.ActiveCfg = Release|Any CPU
		{FBDF9342-B838-44B3-B44A-1603C2DBF0C7}.Release|iPhoneSimulator.Build.0 = Release|Any CPU
		{FBDF9342-B838-44B3-B44A-1603C2DBF0C7}.Release|x64.ActiveCfg = Release|Any CPU
		{FBDF9342-B838-44B3-B44A-1603C2DBF0C7}.Release|x64.Build.0 = Release|Any CPU
		{FBDF9342-B838-44B3-B44A-1603C2DBF0C7}.Release|x86.ActiveCfg = Release|Any CPU
		{FBDF9342-B838-44B3-B44A-1603C2DBF0C7}.Release|x86.Build.0 = Release|Any CPU
	EndGlobalSection
	GlobalSection(SolutionProperties) = preSolution
		HideSolutionNode = FALSE
	EndGlobalSection
EndGlobal
